
Microsoft Visual Studio Solution File, Format Version 12.00
# Visual Studio Version 17
VisualStudioVersion = 17.4.33205.214
MinimumVisualStudioVersion = 10.0.40219.1
Project("{FAE04EC0-301F-11D3-BF4B-00C04F79EFBC}") = "Golden Chemistry 1", "Golden Chemistry 1\Golden Chemistry 1.csproj", "{935B97C6-9B30-42A6-821F-4195ADE51066}"
EndProject
Global
	GlobalSection(SolutionConfigurationPlatforms) = preSolution
		Debug|Any CPU = Debug|Any CPU
		Release|Any CPU = Release|Any CPU
	EndGlobalSection
	GlobalSection(ProjectConfigurationPlatforms) = postSolution
		{935B97C6-9B30-42A6-821F-4195ADE51066}.Debug|Any CPU.ActiveCfg = Debug|Any CPU
		{935B97C6-9B30-42A6-821F-4195ADE51066}.Debug|Any CPU.Build.0 = Debug|Any CPU
		{935B97C6-9B30-42A6-821F-4195ADE51066}.Release|Any CPU.ActiveCfg = Release|Any CPU
		{935B97C6-9B30-42A6-821F-4195ADE51066}.Release|Any CPU.Build.0 = Release|Any CPU
	EndGlobalSection
	GlobalSection(SolutionProperties) = preSolution
		HideSolutionNode = FALSE
	EndGlobalSection
	GlobalSection(ExtensibilityGlobals) = postSolution
		SolutionGuid = {9AB81AE8-03D6-41AF-9F4D-6B2A90DD8B12}
	EndGlobalSection
EndGlobal
